
Microsoft Visual Studio Solution File, Format Version 12.00
# Visual Studio Version 17
VisualStudioVersion = 17.3.32929.385
MinimumVisualStudioVersion = 10.0.40219.1
Project("{9A19103F-16F7-4668-BE54-9A1E7A4F7556}") = "signal.api", "signal.api.csproj", "{6E4EA0A0-055D-4F3F-8C89-AED9E7BF427E}"
EndProject
Global
	GlobalSection(SolutionConfigurationPlatforms) = preSolution
		Debug|Any CPU = Debug|Any CPU
		Release|Any CPU = Release|Any CPU
	EndGlobalSection
	GlobalSection(ProjectConfigurationPlatforms) = postSolution
		{6E4EA0A0-055D-4F3F-8C89-AED9E7BF427E}.Debug|Any CPU.ActiveCfg = Debug|Any CPU
		{6E4EA0A0-055D-4F3F-8C89-AED9E7BF427E}.Debug|Any CPU.Build.0 = Debug|Any CPU
		{6E4EA0A0-055D-4F3F-8C89-AED9E7BF427E}.Release|Any CPU.ActiveCfg = Release|Any CPU
		{6E4EA0A0-055D-4F3F-8C89-AED9E7BF427E}.Release|Any CPU.Build.0 = Release|Any CPU
	EndGlobalSection
	GlobalSection(SolutionProperties) = preSolution
		HideSolutionNode = FALSE
	EndGlobalSection
	GlobalSection(ExtensibilityGlobals) = postSolution
		SolutionGuid = {1E36D67E-E0B4-40BB-95A0-9642FDC7EBAA}
	EndGlobalSection
EndGlobal
